// !$*UTF8*$!
{
	archiveVersion = 1;
	classes = {
	};
	objectVersion = 46;
	objects = {

/* Begin PBXBuildFile section */
		DEF1E8BB52945791A55C3F56 /* Pods.framework in Frameworks */ = {isa = PBXBuildFile; fileRef = 06C20C76F2B00B875692B10D /* Pods.framework */; };
		FA0BA5D31CA2D14C00D1A0B5 /* AppDelegate.swift in Sources */ = {isa = PBXBuildFile; fileRef = FA0BA5D21CA2D14C00D1A0B5 /* AppDelegate.swift */; };
		FA0BA5D51CA2D14C00D1A0B5 /* ChatController.swift in Sources */ = {isa = PBXBuildFile; fileRef = FA0BA5D41CA2D14C00D1A0B5 /* ChatController.swift */; };
		FA0BA5D81CA2D14C00D1A0B5 /* Main.storyboard in Resources */ = {isa = PBXBuildFile; fileRef = FA0BA5D61CA2D14C00D1A0B5 /* Main.storyboard */; };
		FA0BA5DA1CA2D14C00D1A0B5 /* Assets.xcassets in Resources */ = {isa = PBXBuildFile; fileRef = FA0BA5D91CA2D14C00D1A0B5 /* Assets.xcassets */; };
		FA0BA5DD1CA2D14C00D1A0B5 /* LaunchScreen.storyboard in Resources */ = {isa = PBXBuildFile; fileRef = FA0BA5DB1CA2D14C00D1A0B5 /* LaunchScreen.storyboard */; };
		FA0BA5E81CA2D14C00D1A0B5 /* P2PUnderdarkTests.swift in Sources */ = {isa = PBXBuildFile; fileRef = FA0BA5E71CA2D14C00D1A0B5 /* P2PUnderdarkTests.swift */; };
		FA0BA5F31CA2D14C00D1A0B5 /* P2PUnderdarkUITests.swift in Sources */ = {isa = PBXBuildFile; fileRef = FA0BA5F21CA2D14C00D1A0B5 /* P2PUnderdarkUITests.swift */; };
		FA0BA6011CA2D1F500D1A0B5 /* ChatFieldCell.swift in Sources */ = {isa = PBXBuildFile; fileRef = FA0BA6001CA2D1F500D1A0B5 /* ChatFieldCell.swift */; };
		FA0BA6031CA2D23400D1A0B5 /* MessageTableCell.swift in Sources */ = {isa = PBXBuildFile; fileRef = FA0BA6021CA2D23400D1A0B5 /* MessageTableCell.swift */; };
		FA0BA6051CA2D25800D1A0B5 /* ChatFieldCell.xib in Resources */ = {isa = PBXBuildFile; fileRef = FA0BA6041CA2D25800D1A0B5 /* ChatFieldCell.xib */; };
		FA0BA6071CA2D3B700D1A0B5 /* MessageTableCell.xib in Resources */ = {isa = PBXBuildFile; fileRef = FA0BA6061CA2D3B700D1A0B5 /* MessageTableCell.xib */; };
		FA0BA6091CA2D70C00D1A0B5 /* Underdark.framework in Frameworks */ = {isa = PBXBuildFile; fileRef = FA0BA6081CA2D70C00D1A0B5 /* Underdark.framework */; };
		FA0BA60C1CA2D72400D1A0B5 /* Underdark.framework in Embed Frameworks */ = {isa = PBXBuildFile; fileRef = FA0BA60A1CA2D72400D1A0B5 /* Underdark.framework */; settings = {ATTRIBUTES = (CodeSignOnCopy, RemoveHeadersOnCopy, ); }; };
		FA0BA6101CA2D7C000D1A0B5 /* NetworkManager.swift in Sources */ = {isa = PBXBuildFile; fileRef = FA0BA60F1CA2D7C000D1A0B5 /* NetworkManager.swift */; };
		FA0BA6141CA2E3ED00D1A0B5 /* ReactiveCocoa.framework in Frameworks */ = {isa = PBXBuildFile; fileRef = FA0BA6111CA2E3ED00D1A0B5 /* ReactiveCocoa.framework */; };
		FA0BA6151CA2E3ED00D1A0B5 /* ReactiveCocoa.framework in Embed Frameworks */ = {isa = PBXBuildFile; fileRef = FA0BA6111CA2E3ED00D1A0B5 /* ReactiveCocoa.framework */; settings = {ATTRIBUTES = (CodeSignOnCopy, RemoveHeadersOnCopy, ); }; };
		FA0BA6161CA2E3EE00D1A0B5 /* Result.framework in Frameworks */ = {isa = PBXBuildFile; fileRef = FA0BA6131CA2E3ED00D1A0B5 /* Result.framework */; };
		FA0BA6171CA2E3EE00D1A0B5 /* Result.framework in Embed Frameworks */ = {isa = PBXBuildFile; fileRef = FA0BA6131CA2E3ED00D1A0B5 /* Result.framework */; settings = {ATTRIBUTES = (CodeSignOnCopy, RemoveHeadersOnCopy, ); }; };
		FA0BA61A1CA2E40D00D1A0B5 /* ReactiveCocoa.framework in CopyFiles */ = {isa = PBXBuildFile; fileRef = FA0BA6111CA2E3ED00D1A0B5 /* ReactiveCocoa.framework */; settings = {ATTRIBUTES = (CodeSignOnCopy, RemoveHeadersOnCopy, ); }; };
		FA0BA61C1CA2E40D00D1A0B5 /* Result.framework in CopyFiles */ = {isa = PBXBuildFile; fileRef = FA0BA6131CA2E3ED00D1A0B5 /* Result.framework */; settings = {ATTRIBUTES = (CodeSignOnCopy, RemoveHeadersOnCopy, ); }; };
		FA0BA6211CA3130D00D1A0B5 /* HostCell.xib in Resources */ = {isa = PBXBuildFile; fileRef = FA0BA6201CA3130D00D1A0B5 /* HostCell.xib */; };
		FA0BA6231CA314DB00D1A0B5 /* HostCell.swift in Sources */ = {isa = PBXBuildFile; fileRef = FA0BA6221CA314DB00D1A0B5 /* HostCell.swift */; };
		FA4E09A41CA3270A008340E2 /* GMDIcon.swift in Sources */ = {isa = PBXBuildFile; fileRef = FA4E09A31CA3270A008340E2 /* GMDIcon.swift */; };
		FA4E09A81CA32A77008340E2 /* GMDIcons.ttf in Resources */ = {isa = PBXBuildFile; fileRef = FA4E09A71CA32A77008340E2 /* GMDIcons.ttf */; };
		FA51E2A91CA325E40045A210 /* SwiftyJSON.framework in Frameworks */ = {isa = PBXBuildFile; fileRef = FA51E2A81CA325E40045A210 /* SwiftyJSON.framework */; };
		FA51E2AA1CA325E40045A210 /* SwiftyJSON.framework in Embed Frameworks */ = {isa = PBXBuildFile; fileRef = FA51E2A81CA325E40045A210 /* SwiftyJSON.framework */; settings = {ATTRIBUTES = (CodeSignOnCopy, RemoveHeadersOnCopy, ); }; };
		FA51E2AC1CA325F70045A210 /* SwiftyJSON.framework in CopyFiles */ = {isa = PBXBuildFile; fileRef = FA51E2AB1CA325F70045A210 /* SwiftyJSON.framework */; settings = {ATTRIBUTES = (CodeSignOnCopy, RemoveHeadersOnCopy, ); }; };
		FA7F1EB91CA4250D0014AD3C /* HostClientController.swift in Sources */ = {isa = PBXBuildFile; fileRef = FA7F1EB81CA4250D0014AD3C /* HostClientController.swift */; };
		FA7F1EBB1CA4274B0014AD3C /* ConnectionsController.swift in Sources */ = {isa = PBXBuildFile; fileRef = FA7F1EBA1CA4274B0014AD3C /* ConnectionsController.swift */; };
		FA7F1EBE1CA42B7D0014AD3C /* HeaderCell.swift in Sources */ = {isa = PBXBuildFile; fileRef = FA7F1EBD1CA42B7D0014AD3C /* HeaderCell.swift */; };
		FA7F1EC01CA42B9F0014AD3C /* HeaderCell.xib in Resources */ = {isa = PBXBuildFile; fileRef = FA7F1EBF1CA42B9F0014AD3C /* HeaderCell.xib */; };
		FAE8AB111CA4625D00264F31 /* UserCell.xib in Resources */ = {isa = PBXBuildFile; fileRef = FAE8AB101CA4625D00264F31 /* UserCell.xib */; };
		FAE8AB131CA4632400264F31 /* UserCell.swift in Sources */ = {isa = PBXBuildFile; fileRef = FAE8AB121CA4632400264F31 /* UserCell.swift */; };
		FAE8AB151CA463BD00264F31 /* UserTableCell.swift in Sources */ = {isa = PBXBuildFile; fileRef = FAE8AB141CA463BD00264F31 /* UserTableCell.swift */; };
		FAE8AB171CA463E400264F31 /* UserTableCell.xib in Resources */ = {isa = PBXBuildFile; fileRef = FAE8AB161CA463E400264F31 /* UserTableCell.xib */; };
/* End PBXBuildFile section */

/* Begin PBXContainerItemProxy section */
		FA0BA5E41CA2D14C00D1A0B5 /* PBXContainerItemProxy */ = {
			isa = PBXContainerItemProxy;
			containerPortal = FA0BA5C71CA2D14C00D1A0B5 /* Project object */;
			proxyType = 1;
			remoteGlobalIDString = FA0BA5CE1CA2D14C00D1A0B5;
			remoteInfo = P2PUnderdark;
		};
		FA0BA5EF1CA2D14C00D1A0B5 /* PBXContainerItemProxy */ = {
			isa = PBXContainerItemProxy;
			containerPortal = FA0BA5C71CA2D14C00D1A0B5 /* Project object */;
			proxyType = 1;
			remoteGlobalIDString = FA0BA5CE1CA2D14C00D1A0B5;
			remoteInfo = P2PUnderdark;
		};
/* End PBXContainerItemProxy section */

/* Begin PBXCopyFilesBuildPhase section */
		FA0BA60D1CA2D72500D1A0B5 /* Embed Frameworks */ = {
			isa = PBXCopyFilesBuildPhase;
			buildActionMask = 2147483647;
			dstPath = "";
			dstSubfolderSpec = 10;
			files = (
				FA51E2AA1CA325E40045A210 /* SwiftyJSON.framework in Embed Frameworks */,
				FA0BA6171CA2E3EE00D1A0B5 /* Result.framework in Embed Frameworks */,
				FA0BA60C1CA2D72400D1A0B5 /* Underdark.framework in Embed Frameworks */,
				FA0BA6151CA2E3ED00D1A0B5 /* ReactiveCocoa.framework in Embed Frameworks */,
			);
			name = "Embed Frameworks";
			runOnlyForDeploymentPostprocessing = 0;
		};
		FA0BA6181CA2E3F700D1A0B5 /* CopyFiles */ = {
			isa = PBXCopyFilesBuildPhase;
			buildActionMask = 2147483647;
			dstPath = "";
			dstSubfolderSpec = 7;
			files = (
			);
			runOnlyForDeploymentPostprocessing = 0;
		};
		FA0BA6191CA2E40000D1A0B5 /* CopyFiles */ = {
			isa = PBXCopyFilesBuildPhase;
			buildActionMask = 2147483647;
			dstPath = "";
			dstSubfolderSpec = 7;
			files = (
				FA51E2AC1CA325F70045A210 /* SwiftyJSON.framework in CopyFiles */,
				FA0BA61A1CA2E40D00D1A0B5 /* ReactiveCocoa.framework in CopyFiles */,
				FA0BA61C1CA2E40D00D1A0B5 /* Result.framework in CopyFiles */,
			);
			runOnlyForDeploymentPostprocessing = 0;
		};
/* End PBXCopyFilesBuildPhase section */

/* Begin PBXFileReference section */
		06C20C76F2B00B875692B10D /* Pods.framework */ = {isa = PBXFileReference; explicitFileType = wrapper.framework; includeInIndex = 0; path = Pods.framework; sourceTree = BUILT_PRODUCTS_DIR; };
		47ADAE28C5939204F2049CFB /* Pods.release.xcconfig */ = {isa = PBXFileReference; includeInIndex = 1; lastKnownFileType = text.xcconfig; name = Pods.release.xcconfig; path = "Pods/Target Support Files/Pods/Pods.release.xcconfig"; sourceTree = "<group>"; };
		7882E9261965273A3E9910F3 /* Pods.debug.xcconfig */ = {isa = PBXFileReference; includeInIndex = 1; lastKnownFileType = text.xcconfig; name = Pods.debug.xcconfig; path = "Pods/Target Support Files/Pods/Pods.debug.xcconfig"; sourceTree = "<group>"; };
		FA0BA5CF1CA2D14C00D1A0B5 /* P2PUnderdark.app */ = {isa = PBXFileReference; explicitFileType = wrapper.application; includeInIndex = 0; path = P2PUnderdark.app; sourceTree = BUILT_PRODUCTS_DIR; };
		FA0BA5D21CA2D14C00D1A0B5 /* AppDelegate.swift */ = {isa = PBXFileReference; lastKnownFileType = sourcecode.swift; path = AppDelegate.swift; sourceTree = "<group>"; };
		FA0BA5D41CA2D14C00D1A0B5 /* ChatController.swift */ = {isa = PBXFileReference; lastKnownFileType = sourcecode.swift; path = ChatController.swift; sourceTree = "<group>"; };
		FA0BA5D71CA2D14C00D1A0B5 /* Base */ = {isa = PBXFileReference; lastKnownFileType = file.storyboard; name = Base; path = Base.lproj/Main.storyboard; sourceTree = "<group>"; };
		FA0BA5D91CA2D14C00D1A0B5 /* Assets.xcassets */ = {isa = PBXFileReference; lastKnownFileType = folder.assetcatalog; path = Assets.xcassets; sourceTree = "<group>"; };
		FA0BA5DC1CA2D14C00D1A0B5 /* Base */ = {isa = PBXFileReference; lastKnownFileType = file.storyboard; name = Base; path = Base.lproj/LaunchScreen.storyboard; sourceTree = "<group>"; };
		FA0BA5DE1CA2D14C00D1A0B5 /* Info.plist */ = {isa = PBXFileReference; lastKnownFileType = text.plist.xml; path = Info.plist; sourceTree = "<group>"; };
		FA0BA5E31CA2D14C00D1A0B5 /* P2PUnderdarkTests.xctest */ = {isa = PBXFileReference; explicitFileType = wrapper.cfbundle; includeInIndex = 0; path = P2PUnderdarkTests.xctest; sourceTree = BUILT_PRODUCTS_DIR; };
		FA0BA5E71CA2D14C00D1A0B5 /* P2PUnderdarkTests.swift */ = {isa = PBXFileReference; lastKnownFileType = sourcecode.swift; path = P2PUnderdarkTests.swift; sourceTree = "<group>"; };
		FA0BA5E91CA2D14C00D1A0B5 /* Info.plist */ = {isa = PBXFileReference; lastKnownFileType = text.plist.xml; path = Info.plist; sourceTree = "<group>"; };
		FA0BA5EE1CA2D14C00D1A0B5 /* P2PUnderdarkUITests.xctest */ = {isa = PBXFileReference; explicitFileType = wrapper.cfbundle; includeInIndex = 0; path = P2PUnderdarkUITests.xctest; sourceTree = BUILT_PRODUCTS_DIR; };
		FA0BA5F21CA2D14C00D1A0B5 /* P2PUnderdarkUITests.swift */ = {isa = PBXFileReference; lastKnownFileType = sourcecode.swift; path = P2PUnderdarkUITests.swift; sourceTree = "<group>"; };
		FA0BA5F41CA2D14C00D1A0B5 /* Info.plist */ = {isa = PBXFileReference; lastKnownFileType = text.plist.xml; path = Info.plist; sourceTree = "<group>"; };
		FA0BA6001CA2D1F500D1A0B5 /* ChatFieldCell.swift */ = {isa = PBXFileReference; fileEncoding = 4; lastKnownFileType = sourcecode.swift; path = ChatFieldCell.swift; sourceTree = "<group>"; };
		FA0BA6021CA2D23400D1A0B5 /* MessageTableCell.swift */ = {isa = PBXFileReference; fileEncoding = 4; lastKnownFileType = sourcecode.swift; path = MessageTableCell.swift; sourceTree = "<group>"; };
		FA0BA6041CA2D25800D1A0B5 /* ChatFieldCell.xib */ = {isa = PBXFileReference; fileEncoding = 4; lastKnownFileType = file.xib; path = ChatFieldCell.xib; sourceTree = "<group>"; };
		FA0BA6061CA2D3B700D1A0B5 /* MessageTableCell.xib */ = {isa = PBXFileReference; fileEncoding = 4; lastKnownFileType = file.xib; path = MessageTableCell.xib; sourceTree = "<group>"; };
		FA0BA6081CA2D70C00D1A0B5 /* Underdark.framework */ = {isa = PBXFileReference; lastKnownFileType = wrapper.framework; name = Underdark.framework; path = ../../Downloads/Underdark.framework; sourceTree = "<group>"; };
		FA0BA60A1CA2D72400D1A0B5 /* Underdark.framework */ = {isa = PBXFileReference; lastKnownFileType = wrapper.framework; path = Underdark.framework; sourceTree = "<group>"; };
		FA0BA60F1CA2D7C000D1A0B5 /* NetworkManager.swift */ = {isa = PBXFileReference; fileEncoding = 4; lastKnownFileType = sourcecode.swift; path = NetworkManager.swift; sourceTree = "<group>"; };
		FA0BA6111CA2E3ED00D1A0B5 /* ReactiveCocoa.framework */ = {isa = PBXFileReference; lastKnownFileType = wrapper.framework; name = ReactiveCocoa.framework; path = Carthage/Build/iOS/ReactiveCocoa.framework; sourceTree = "<group>"; };
		FA0BA6131CA2E3ED00D1A0B5 /* Result.framework */ = {isa = PBXFileReference; lastKnownFileType = wrapper.framework; name = Result.framework; path = Carthage/Build/iOS/Result.framework; sourceTree = "<group>"; };
		FA0BA6201CA3130D00D1A0B5 /* HostCell.xib */ = {isa = PBXFileReference; fileEncoding = 4; lastKnownFileType = file.xib; path = HostCell.xib; sourceTree = "<group>"; };
		FA0BA6221CA314DB00D1A0B5 /* HostCell.swift */ = {isa = PBXFileReference; fileEncoding = 4; lastKnownFileType = sourcecode.swift; path = HostCell.swift; sourceTree = "<group>"; };
		FA4E09A31CA3270A008340E2 /* GMDIcon.swift */ = {isa = PBXFileReference; fileEncoding = 4; lastKnownFileType = sourcecode.swift; path = GMDIcon.swift; sourceTree = "<group>"; };
		FA4E09A71CA32A77008340E2 /* GMDIcons.ttf */ = {isa = PBXFileReference; lastKnownFileType = file; path = GMDIcons.ttf; sourceTree = "<group>"; };
		FA51E2A81CA325E40045A210 /* SwiftyJSON.framework */ = {isa = PBXFileReference; lastKnownFileType = wrapper.framework; name = SwiftyJSON.framework; path = Carthage/Build/iOS/SwiftyJSON.framework; sourceTree = "<group>"; };
		FA51E2AB1CA325F70045A210 /* SwiftyJSON.framework */ = {isa = PBXFileReference; lastKnownFileType = wrapper.framework; name = SwiftyJSON.framework; path = Carthage/Build/iOS/SwiftyJSON.framework; sourceTree = "<group>"; };
		FA7F1EB81CA4250D0014AD3C /* HostClientController.swift */ = {isa = PBXFileReference; fileEncoding = 4; lastKnownFileType = sourcecode.swift; path = HostClientController.swift; sourceTree = "<group>"; };
		FA7F1EBA1CA4274B0014AD3C /* ConnectionsController.swift */ = {isa = PBXFileReference; fileEncoding = 4; lastKnownFileType = sourcecode.swift; path = ConnectionsController.swift; sourceTree = "<group>"; };
		FA7F1EBD1CA42B7D0014AD3C /* HeaderCell.swift */ = {isa = PBXFileReference; fileEncoding = 4; lastKnownFileType = sourcecode.swift; path = HeaderCell.swift; sourceTree = "<group>"; };
		FA7F1EBF1CA42B9F0014AD3C /* HeaderCell.xib */ = {isa = PBXFileReference; fileEncoding = 4; lastKnownFileType = file.xib; path = HeaderCell.xib; sourceTree = "<group>"; };
		FAE8AB101CA4625D00264F31 /* UserCell.xib */ = {isa = PBXFileReference; fileEncoding = 4; lastKnownFileType = file.xib; path = UserCell.xib; sourceTree = "<group>"; };
		FAE8AB121CA4632400264F31 /* UserCell.swift */ = {isa = PBXFileReference; fileEncoding = 4; lastKnownFileType = sourcecode.swift; path = UserCell.swift; sourceTree = "<group>"; };
		FAE8AB141CA463BD00264F31 /* UserTableCell.swift */ = {isa = PBXFileReference; fileEncoding = 4; lastKnownFileType = sourcecode.swift; path = UserTableCell.swift; sourceTree = "<group>"; };
		FAE8AB161CA463E400264F31 /* UserTableCell.xib */ = {isa = PBXFileReference; fileEncoding = 4; lastKnownFileType = file.xib; path = UserTableCell.xib; sourceTree = "<group>"; };
/* End PBXFileReference section */

/* Begin PBXFrameworksBuildPhase section */
		FA0BA5CC1CA2D14C00D1A0B5 /* Frameworks */ = {
			isa = PBXFrameworksBuildPhase;
			buildActionMask = 2147483647;
			files = (
				FA0BA6161CA2E3EE00D1A0B5 /* Result.framework in Frameworks */,
				FA0BA6091CA2D70C00D1A0B5 /* Underdark.framework in Frameworks */,
				FA0BA6141CA2E3ED00D1A0B5 /* ReactiveCocoa.framework in Frameworks */,
				DEF1E8BB52945791A55C3F56 /* Pods.framework in Frameworks */,
				FA51E2A91CA325E40045A210 /* SwiftyJSON.framework in Frameworks */,
			);
			runOnlyForDeploymentPostprocessing = 0;
		};
		FA0BA5E01CA2D14C00D1A0B5 /* Frameworks */ = {
			isa = PBXFrameworksBuildPhase;
			buildActionMask = 2147483647;
			files = (
			);
			runOnlyForDeploymentPostprocessing = 0;
		};
		FA0BA5EB1CA2D14C00D1A0B5 /* Frameworks */ = {
			isa = PBXFrameworksBuildPhase;
			buildActionMask = 2147483647;
			files = (
			);
			runOnlyForDeploymentPostprocessing = 0;
		};
/* End PBXFrameworksBuildPhase section */

/* Begin PBXGroup section */
		62589F1E1555EF9DEC85B4FA /* Pods */ = {
			isa = PBXGroup;
			children = (
				7882E9261965273A3E9910F3 /* Pods.debug.xcconfig */,
				47ADAE28C5939204F2049CFB /* Pods.release.xcconfig */,
			);
			name = Pods;
			sourceTree = "<group>";
		};
		FA0BA5C61CA2D14C00D1A0B5 = {
			isa = PBXGroup;
			children = (
				FA0BA5D11CA2D14C00D1A0B5 /* P2PUnderdark */,
				FA0BA60E1CA2D73000D1A0B5 /* Frameworks */,
				FA0BA5E61CA2D14C00D1A0B5 /* P2PUnderdarkTests */,
				FA0BA5F11CA2D14C00D1A0B5 /* P2PUnderdarkUITests */,
				FA0BA5D01CA2D14C00D1A0B5 /* Products */,
				62589F1E1555EF9DEC85B4FA /* Pods */,
			);
			sourceTree = "<group>";
		};
		FA0BA5D01CA2D14C00D1A0B5 /* Products */ = {
			isa = PBXGroup;
			children = (
				FA0BA5CF1CA2D14C00D1A0B5 /* P2PUnderdark.app */,
				FA0BA5E31CA2D14C00D1A0B5 /* P2PUnderdarkTests.xctest */,
				FA0BA5EE1CA2D14C00D1A0B5 /* P2PUnderdarkUITests.xctest */,
			);
			name = Products;
			sourceTree = "<group>";
		};
		FA0BA5D11CA2D14C00D1A0B5 /* P2PUnderdark */ = {
			isa = PBXGroup;
			children = (
				FA0BA5D21CA2D14C00D1A0B5 /* AppDelegate.swift */,
				FA0BA60F1CA2D7C000D1A0B5 /* NetworkManager.swift */,
				FA7F1EBC1CA42B650014AD3C /* GoogleMaterials */,
				FA7F1EB71CA424E50014AD3C /* ViewControllers */,
				FA0BA61E1CA312DD00D1A0B5 /* Cells */,
				FA0BA5D61CA2D14C00D1A0B5 /* Main.storyboard */,
				FA0BA5D91CA2D14C00D1A0B5 /* Assets.xcassets */,
				FA0BA5DB1CA2D14C00D1A0B5 /* LaunchScreen.storyboard */,
				FA0BA5DE1CA2D14C00D1A0B5 /* Info.plist */,
			);
			path = P2PUnderdark;
			sourceTree = "<group>";
		};
		FA0BA5E61CA2D14C00D1A0B5 /* P2PUnderdarkTests */ = {
			isa = PBXGroup;
			children = (
				FA0BA5E71CA2D14C00D1A0B5 /* P2PUnderdarkTests.swift */,
				FA0BA5E91CA2D14C00D1A0B5 /* Info.plist */,
			);
			path = P2PUnderdarkTests;
			sourceTree = "<group>";
		};
		FA0BA5F11CA2D14C00D1A0B5 /* P2PUnderdarkUITests */ = {
			isa = PBXGroup;
			children = (
				FA0BA5F21CA2D14C00D1A0B5 /* P2PUnderdarkUITests.swift */,
				FA0BA5F41CA2D14C00D1A0B5 /* Info.plist */,
			);
			path = P2PUnderdarkUITests;
			sourceTree = "<group>";
		};
		FA0BA60E1CA2D73000D1A0B5 /* Frameworks */ = {
			isa = PBXGroup;
			children = (
				FA51E2AB1CA325F70045A210 /* SwiftyJSON.framework */,
				FA51E2A81CA325E40045A210 /* SwiftyJSON.framework */,
				FA0BA6111CA2E3ED00D1A0B5 /* ReactiveCocoa.framework */,
				FA0BA6131CA2E3ED00D1A0B5 /* Result.framework */,
				FA0BA60A1CA2D72400D1A0B5 /* Underdark.framework */,
				FA0BA6081CA2D70C00D1A0B5 /* Underdark.framework */,
				06C20C76F2B00B875692B10D /* Pods.framework */,
			);
			name = Frameworks;
			sourceTree = "<group>";
		};
		FA0BA61E1CA312DD00D1A0B5 /* Cells */ = {
			isa = PBXGroup;
			children = (
				FA0BA6001CA2D1F500D1A0B5 /* ChatFieldCell.swift */,
				FA0BA6041CA2D25800D1A0B5 /* ChatFieldCell.xib */,
				FA0BA6021CA2D23400D1A0B5 /* MessageTableCell.swift */,
				FA0BA6061CA2D3B700D1A0B5 /* MessageTableCell.xib */,
				FA0BA6201CA3130D00D1A0B5 /* HostCell.xib */,
				FA0BA6221CA314DB00D1A0B5 /* HostCell.swift */,
				FA7F1EBD1CA42B7D0014AD3C /* HeaderCell.swift */,
				FA7F1EBF1CA42B9F0014AD3C /* HeaderCell.xib */,
				FAE8AB101CA4625D00264F31 /* UserCell.xib */,
				FAE8AB121CA4632400264F31 /* UserCell.swift */,
				FAE8AB141CA463BD00264F31 /* UserTableCell.swift */,
				FAE8AB161CA463E400264F31 /* UserTableCell.xib */,
			);
			name = Cells;
			sourceTree = "<group>";
		};
		FA7F1EB71CA424E50014AD3C /* ViewControllers */ = {
			isa = PBXGroup;
			children = (
				FA0BA5D41CA2D14C00D1A0B5 /* ChatController.swift */,
				FA7F1EB81CA4250D0014AD3C /* HostClientController.swift */,
				FA7F1EBA1CA4274B0014AD3C /* ConnectionsController.swift */,
			);
			name = ViewControllers;
			sourceTree = "<group>";
		};
		FA7F1EBC1CA42B650014AD3C /* GoogleMaterials */ = {
			isa = PBXGroup;
			children = (
				FA4E09A31CA3270A008340E2 /* GMDIcon.swift */,
				FA4E09A71CA32A77008340E2 /* GMDIcons.ttf */,
			);
			name = GoogleMaterials;
			sourceTree = "<group>";
		};
/* End PBXGroup section */

/* Begin PBXNativeTarget section */
		FA0BA5CE1CA2D14C00D1A0B5 /* P2PUnderdark */ = {
			isa = PBXNativeTarget;
			buildConfigurationList = FA0BA5F71CA2D14C00D1A0B5 /* Build configuration list for PBXNativeTarget "P2PUnderdark" */;
			buildPhases = (
				0C487B82FEEDBACCA4787EDE /* Check Pods Manifest.lock */,
				FA0BA5CB1CA2D14C00D1A0B5 /* Sources */,
				FA0BA5CC1CA2D14C00D1A0B5 /* Frameworks */,
				FA0BA5CD1CA2D14C00D1A0B5 /* Resources */,
				FA0BA60D1CA2D72500D1A0B5 /* Embed Frameworks */,
				FA0BA6181CA2E3F700D1A0B5 /* CopyFiles */,
				FA0BA6191CA2E40000D1A0B5 /* CopyFiles */,
				865551C7C0F413FC1D714975 /* Embed Pods Frameworks */,
				12A653B024E9F5DBB8B5E9EA /* Copy Pods Resources */,
			);
			buildRules = (
			);
			dependencies = (
			);
			name = P2PUnderdark;
			productName = P2PUnderdark;
			productReference = FA0BA5CF1CA2D14C00D1A0B5 /* P2PUnderdark.app */;
			productType = "com.apple.product-type.application";
		};
		FA0BA5E21CA2D14C00D1A0B5 /* P2PUnderdarkTests */ = {
			isa = PBXNativeTarget;
			buildConfigurationList = FA0BA5FA1CA2D14C00D1A0B5 /* Build configuration list for PBXNativeTarget "P2PUnderdarkTests" */;
			buildPhases = (
				FA0BA5DF1CA2D14C00D1A0B5 /* Sources */,
				FA0BA5E01CA2D14C00D1A0B5 /* Frameworks */,
				FA0BA5E11CA2D14C00D1A0B5 /* Resources */,
			);
			buildRules = (
			);
			dependencies = (
				FA0BA5E51CA2D14C00D1A0B5 /* PBXTargetDependency */,
			);
			name = P2PUnderdarkTests;
			productName = P2PUnderdarkTests;
			productReference = FA0BA5E31CA2D14C00D1A0B5 /* P2PUnderdarkTests.xctest */;
			productType = "com.apple.product-type.bundle.unit-test";
		};
		FA0BA5ED1CA2D14C00D1A0B5 /* P2PUnderdarkUITests */ = {
			isa = PBXNativeTarget;
			buildConfigurationList = FA0BA5FD1CA2D14C00D1A0B5 /* Build configuration list for PBXNativeTarget "P2PUnderdarkUITests" */;
			buildPhases = (
				FA0BA5EA1CA2D14C00D1A0B5 /* Sources */,
				FA0BA5EB1CA2D14C00D1A0B5 /* Frameworks */,
				FA0BA5EC1CA2D14C00D1A0B5 /* Resources */,
			);
			buildRules = (
			);
			dependencies = (
				FA0BA5F01CA2D14C00D1A0B5 /* PBXTargetDependency */,
			);
			name = P2PUnderdarkUITests;
			productName = P2PUnderdarkUITests;
			productReference = FA0BA5EE1CA2D14C00D1A0B5 /* P2PUnderdarkUITests.xctest */;
			productType = "com.apple.product-type.bundle.ui-testing";
		};
/* End PBXNativeTarget section */

/* Begin PBXProject section */
		FA0BA5C71CA2D14C00D1A0B5 /* Project object */ = {
			isa = PBXProject;
			attributes = {
				LastSwiftUpdateCheck = 0720;
				LastUpgradeCheck = 0720;
				ORGANIZATIONNAME = "Alexander Harrison";
				TargetAttributes = {
					FA0BA5CE1CA2D14C00D1A0B5 = {
						CreatedOnToolsVersion = 7.2.1;
					};
					FA0BA5E21CA2D14C00D1A0B5 = {
						CreatedOnToolsVersion = 7.2.1;
						TestTargetID = FA0BA5CE1CA2D14C00D1A0B5;
					};
					FA0BA5ED1CA2D14C00D1A0B5 = {
						CreatedOnToolsVersion = 7.2.1;
						TestTargetID = FA0BA5CE1CA2D14C00D1A0B5;
					};
				};
			};
			buildConfigurationList = FA0BA5CA1CA2D14C00D1A0B5 /* Build configuration list for PBXProject "P2PUnderdark" */;
			compatibilityVersion = "Xcode 3.2";
			developmentRegion = English;
			hasScannedForEncodings = 0;
			knownRegions = (
				en,
				Base,
			);
			mainGroup = FA0BA5C61CA2D14C00D1A0B5;
			productRefGroup = FA0BA5D01CA2D14C00D1A0B5 /* Products */;
			projectDirPath = "";
			projectRoot = "";
			targets = (
				FA0BA5CE1CA2D14C00D1A0B5 /* P2PUnderdark */,
				FA0BA5E21CA2D14C00D1A0B5 /* P2PUnderdarkTests */,
				FA0BA5ED1CA2D14C00D1A0B5 /* P2PUnderdarkUITests */,
			);
		};
/* End PBXProject section */

/* Begin PBXResourcesBuildPhase section */
		FA0BA5CD1CA2D14C00D1A0B5 /* Resources */ = {
			isa = PBXResourcesBuildPhase;
			buildActionMask = 2147483647;
			files = (
				FA7F1EC01CA42B9F0014AD3C /* HeaderCell.xib in Resources */,
				FA0BA5DD1CA2D14C00D1A0B5 /* LaunchScreen.storyboard in Resources */,
				FA0BA5DA1CA2D14C00D1A0B5 /* Assets.xcassets in Resources */,
				FA0BA6051CA2D25800D1A0B5 /* ChatFieldCell.xib in Resources */,
				FA0BA6211CA3130D00D1A0B5 /* HostCell.xib in Resources */,
				FAE8AB171CA463E400264F31 /* UserTableCell.xib in Resources */,
				FAE8AB111CA4625D00264F31 /* UserCell.xib in Resources */,
				FA0BA6071CA2D3B700D1A0B5 /* MessageTableCell.xib in Resources */,
				FA0BA5D81CA2D14C00D1A0B5 /* Main.storyboard in Resources */,
				FA4E09A81CA32A77008340E2 /* GMDIcons.ttf in Resources */,
			);
			runOnlyForDeploymentPostprocessing = 0;
		};
		FA0BA5E11CA2D14C00D1A0B5 /* Resources */ = {
			isa = PBXResourcesBuildPhase;
			buildActionMask = 2147483647;
			files = (
			);
			runOnlyForDeploymentPostprocessing = 0;
		};
		FA0BA5EC1CA2D14C00D1A0B5 /* Resources */ = {
			isa = PBXResourcesBuildPhase;
			buildActionMask = 2147483647;
			files = (
			);
			runOnlyForDeploymentPostprocessing = 0;
		};
/* End PBXResourcesBuildPhase section */

/* Begin PBXShellScriptBuildPhase section */
		0C487B82FEEDBACCA4787EDE /* Check Pods Manifest.lock */ = {
			isa = PBXShellScriptBuildPhase;
			buildActionMask = 2147483647;
			files = (
			);
			inputPaths = (
			);
			name = "Check Pods Manifest.lock";
			outputPaths = (
			);
			runOnlyForDeploymentPostprocessing = 0;
			shellPath = /bin/sh;
			shellScript = "diff \"${PODS_ROOT}/../Podfile.lock\" \"${PODS_ROOT}/Manifest.lock\" > /dev/null\nif [[ $? != 0 ]] ; then\n    cat << EOM\nerror: The sandbox is not in sync with the Podfile.lock. Run 'pod install' or update your CocoaPods installation.\nEOM\n    exit 1\nfi\n";
			showEnvVarsInLog = 0;
		};
		12A653B024E9F5DBB8B5E9EA /* Copy Pods Resources */ = {
			isa = PBXShellScriptBuildPhase;
			buildActionMask = 2147483647;
			files = (
			);
			inputPaths = (
			);
			name = "Copy Pods Resources";
			outputPaths = (
			);
			runOnlyForDeploymentPostprocessing = 0;
			shellPath = /bin/sh;
			shellScript = "\"${SRCROOT}/Pods/Target Support Files/Pods/Pods-resources.sh\"\n";
			showEnvVarsInLog = 0;
		};
		865551C7C0F413FC1D714975 /* Embed Pods Frameworks */ = {
			isa = PBXShellScriptBuildPhase;
			buildActionMask = 2147483647;
			files = (
			);
			inputPaths = (
			);
			name = "Embed Pods Frameworks";
			outputPaths = (
			);
			runOnlyForDeploymentPostprocessing = 0;
			shellPath = /bin/sh;
			shellScript = "\"${SRCROOT}/Pods/Target Support Files/Pods/Pods-frameworks.sh\"\n";
			showEnvVarsInLog = 0;
		};
/* End PBXShellScriptBuildPhase section */

/* Begin PBXSourcesBuildPhase section */
		FA0BA5CB1CA2D14C00D1A0B5 /* Sources */ = {
			isa = PBXSourcesBuildPhase;
			buildActionMask = 2147483647;
			files = (
				FA0BA5D51CA2D14C00D1A0B5 /* ChatController.swift in Sources */,
				FA0BA6011CA2D1F500D1A0B5 /* ChatFieldCell.swift in Sources */,
				FA4E09A41CA3270A008340E2 /* GMDIcon.swift in Sources */,
				FA0BA6101CA2D7C000D1A0B5 /* NetworkManager.swift in Sources */,
				FA7F1EBB1CA4274B0014AD3C /* ConnectionsController.swift in Sources */,
				FA0BA6031CA2D23400D1A0B5 /* MessageTableCell.swift in Sources */,
				FA7F1EBE1CA42B7D0014AD3C /* HeaderCell.swift in Sources */,
				FA0BA5D31CA2D14C00D1A0B5 /* AppDelegate.swift in Sources */,
				FA7F1EB91CA4250D0014AD3C /* HostClientController.swift in Sources */,
				FAE8AB151CA463BD00264F31 /* UserTableCell.swift in Sources */,
				FAE8AB131CA4632400264F31 /* UserCell.swift in Sources */,
				FA0BA6231CA314DB00D1A0B5 /* HostCell.swift in Sources */,
			);
			runOnlyForDeploymentPostprocessing = 0;
		};
		FA0BA5DF1CA2D14C00D1A0B5 /* Sources */ = {
			isa = PBXSourcesBuildPhase;
			buildActionMask = 2147483647;
			files = (
				FA0BA5E81CA2D14C00D1A0B5 /* P2PUnderdarkTests.swift in Sources */,
			);
			runOnlyForDeploymentPostprocessing = 0;
		};
		FA0BA5EA1CA2D14C00D1A0B5 /* Sources */ = {
			isa = PBXSourcesBuildPhase;
			buildActionMask = 2147483647;
			files = (
				FA0BA5F31CA2D14C00D1A0B5 /* P2PUnderdarkUITests.swift in Sources */,
			);
			runOnlyForDeploymentPostprocessing = 0;
		};
/* End PBXSourcesBuildPhase section */

/* Begin PBXTargetDependency section */
		FA0BA5E51CA2D14C00D1A0B5 /* PBXTargetDependency */ = {
			isa = PBXTargetDependency;
			target = FA0BA5CE1CA2D14C00D1A0B5 /* P2PUnderdark */;
			targetProxy = FA0BA5E41CA2D14C00D1A0B5 /* PBXContainerItemProxy */;
		};
		FA0BA5F01CA2D14C00D1A0B5 /* PBXTargetDependency */ = {
			isa = PBXTargetDependency;
			target = FA0BA5CE1CA2D14C00D1A0B5 /* P2PUnderdark */;
			targetProxy = FA0BA5EF1CA2D14C00D1A0B5 /* PBXContainerItemProxy */;
		};
/* End PBXTargetDependency section */

/* Begin PBXVariantGroup section */
		FA0BA5D61CA2D14C00D1A0B5 /* Main.storyboard */ = {
			isa = PBXVariantGroup;
			children = (
				FA0BA5D71CA2D14C00D1A0B5 /* Base */,
			);
			name = Main.storyboard;
			sourceTree = "<group>";
		};
		FA0BA5DB1CA2D14C00D1A0B5 /* LaunchScreen.storyboard */ = {
			isa = PBXVariantGroup;
			children = (
				FA0BA5DC1CA2D14C00D1A0B5 /* Base */,
			);
			name = LaunchScreen.storyboard;
			sourceTree = "<group>";
		};
/* End PBXVariantGroup section */

/* Begin XCBuildConfiguration section */
		FA0BA5F51CA2D14C00D1A0B5 /* Debug */ = {
			isa = XCBuildConfiguration;
			buildSettings = {
				ALWAYS_SEARCH_USER_PATHS = NO;
				CLANG_CXX_LANGUAGE_STANDARD = "gnu++0x";
				CLANG_CXX_LIBRARY = "libc++";
				CLANG_ENABLE_MODULES = YES;
				CLANG_ENABLE_OBJC_ARC = YES;
				CLANG_WARN_BOOL_CONVERSION = YES;
				CLANG_WARN_CONSTANT_CONVERSION = YES;
				CLANG_WARN_DIRECT_OBJC_ISA_USAGE = YES_ERROR;
				CLANG_WARN_EMPTY_BODY = YES;
				CLANG_WARN_ENUM_CONVERSION = YES;
				CLANG_WARN_INT_CONVERSION = YES;
				CLANG_WARN_OBJC_ROOT_CLASS = YES_ERROR;
				CLANG_WARN_UNREACHABLE_CODE = YES;
				CLANG_WARN__DUPLICATE_METHOD_MATCH = YES;
				"CODE_SIGN_IDENTITY[sdk=iphoneos*]" = "iPhone Developer";
				COPY_PHASE_STRIP = NO;
				DEBUG_INFORMATION_FORMAT = dwarf;
				ENABLE_STRICT_OBJC_MSGSEND = YES;
				ENABLE_TESTABILITY = YES;
				GCC_C_LANGUAGE_STANDARD = gnu99;
				GCC_DYNAMIC_NO_PIC = NO;
				GCC_NO_COMMON_BLOCKS = YES;
				GCC_OPTIMIZATION_LEVEL = 0;
				GCC_PREPROCESSOR_DEFINITIONS = (
					"DEBUG=1",
					"$(inherited)",
				);
				GCC_WARN_64_TO_32_BIT_CONVERSION = YES;
				GCC_WARN_ABOUT_RETURN_TYPE = YES_ERROR;
				GCC_WARN_UNDECLARED_SELECTOR = YES;
				GCC_WARN_UNINITIALIZED_AUTOS = YES_AGGRESSIVE;
				GCC_WARN_UNUSED_FUNCTION = YES;
				GCC_WARN_UNUSED_VARIABLE = YES;
				IPHONEOS_DEPLOYMENT_TARGET = 9.2;
				MTL_ENABLE_DEBUG_INFO = YES;
				ONLY_ACTIVE_ARCH = YES;
				SDKROOT = iphoneos;
				SWIFT_OPTIMIZATION_LEVEL = "-Onone";
				TARGETED_DEVICE_FAMILY = "1,2";
			};
			name = Debug;
		};
		FA0BA5F61CA2D14C00D1A0B5 /* Release */ = {
			isa = XCBuildConfiguration;
			buildSettings = {
				ALWAYS_SEARCH_USER_PATHS = NO;
				CLANG_CXX_LANGUAGE_STANDARD = "gnu++0x";
				CLANG_CXX_LIBRARY = "libc++";
				CLANG_ENABLE_MODULES = YES;
				CLANG_ENABLE_OBJC_ARC = YES;
				CLANG_WARN_BOOL_CONVERSION = YES;
				CLANG_WARN_CONSTANT_CONVERSION = YES;
				CLANG_WARN_DIRECT_OBJC_ISA_USAGE = YES_ERROR;
				CLANG_WARN_EMPTY_BODY = YES;
				CLANG_WARN_ENUM_CONVERSION = YES;
				CLANG_WARN_INT_CONVERSION = YES;
				CLANG_WARN_OBJC_ROOT_CLASS = YES_ERROR;
				CLANG_WARN_UNREACHABLE_CODE = YES;
				CLANG_WARN__DUPLICATE_METHOD_MATCH = YES;
				"CODE_SIGN_IDENTITY[sdk=iphoneos*]" = "iPhone Developer";
				COPY_PHASE_STRIP = NO;
				DEBUG_INFORMATION_FORMAT = "dwarf-with-dsym";
				ENABLE_NS_ASSERTIONS = NO;
				ENABLE_STRICT_OBJC_MSGSEND = YES;
				GCC_C_LANGUAGE_STANDARD = gnu99;
				GCC_NO_COMMON_BLOCKS = YES;
				GCC_WARN_64_TO_32_BIT_CONVERSION = YES;
				GCC_WARN_ABOUT_RETURN_TYPE = YES_ERROR;
				GCC_WARN_UNDECLARED_SELECTOR = YES;
				GCC_WARN_UNINITIALIZED_AUTOS = YES_AGGRESSIVE;
				GCC_WARN_UNUSED_FUNCTION = YES;
				GCC_WARN_UNUSED_VARIABLE = YES;
				IPHONEOS_DEPLOYMENT_TARGET = 9.2;
				MTL_ENABLE_DEBUG_INFO = NO;
				SDKROOT = iphoneos;
				TARGETED_DEVICE_FAMILY = "1,2";
				VALIDATE_PRODUCT = YES;
			};
			name = Release;
		};
		FA0BA5F81CA2D14C00D1A0B5 /* Debug */ = {
			isa = XCBuildConfiguration;
			baseConfigurationReference = 7882E9261965273A3E9910F3 /* Pods.debug.xcconfig */;
			buildSettings = {
				ASSETCATALOG_COMPILER_APPICON_NAME = AppIcon;
				FRAMEWORK_SEARCH_PATHS = (
					"$(inherited)",
					"$(PROJECT_DIR)",
					"$(PROJECT_DIR)/Carthage/Build/iOS",
				);
				INFOPLIST_FILE = P2PUnderdark/Info.plist;
				LD_RUNPATH_SEARCH_PATHS = "$(inherited) @executable_path/Frameworks";
				PRODUCT_BUNDLE_IDENTIFIER = alexkendall.P2PUnderdark;
				PRODUCT_NAME = "$(TARGET_NAME)";
			};
			name = Debug;
		};
		FA0BA5F91CA2D14C00D1A0B5 /* Release */ = {
			isa = XCBuildConfiguration;
			baseConfigurationReference = 47ADAE28C5939204F2049CFB /* Pods.release.xcconfig */;
			buildSettings = {
				ASSETCATALOG_COMPILER_APPICON_NAME = AppIcon;
				FRAMEWORK_SEARCH_PATHS = (
					"$(inherited)",
					"$(PROJECT_DIR)",
					"$(PROJECT_DIR)/Carthage/Build/iOS",
				);
				INFOPLIST_FILE = P2PUnderdark/Info.plist;
				LD_RUNPATH_SEARCH_PATHS = "$(inherited) @executable_path/Frameworks";
				PRODUCT_BUNDLE_IDENTIFIER = alexkendall.P2PUnderdark;
				PRODUCT_NAME = "$(TARGET_NAME)";
			};
			name = Release;
		};
		FA0BA5FB1CA2D14C00D1A0B5 /* Debug */ = {
			isa = XCBuildConfiguration;
			buildSettings = {
				BUNDLE_LOADER = "$(TEST_HOST)";
				INFOPLIST_FILE = P2PUnderdarkTests/Info.plist;
				LD_RUNPATH_SEARCH_PATHS = "$(inherited) @executable_path/Frameworks @loader_path/Frameworks";
				PRODUCT_BUNDLE_IDENTIFIER = alexkendall.P2PUnderdarkTests;
				PRODUCT_NAME = "$(TARGET_NAME)";
				TEST_HOST = "$(BUILT_PRODUCTS_DIR)/P2PUnderdark.app/P2PUnderdark";
			};
			name = Debug;
		};
		FA0BA5FC1CA2D14C00D1A0B5 /* Release */ = {
			isa = XCBuildConfiguration;
			buildSettings = {
				BUNDLE_LOADER = "$(TEST_HOST)";
				INFOPLIST_FILE = P2PUnderdarkTests/Info.plist;
				LD_RUNPATH_SEARCH_PATHS = "$(inherited) @executable_path/Frameworks @loader_path/Frameworks";
				PRODUCT_BUNDLE_IDENTIFIER = alexkendall.P2PUnderdarkTests;
				PRODUCT_NAME = "$(TARGET_NAME)";
				TEST_HOST = "$(BUILT_PRODUCTS_DIR)/P2PUnderdark.app/P2PUnderdark";
			};
			name = Release;
		};
		FA0BA5FE1CA2D14C00D1A0B5 /* Debug */ = {
			isa = XCBuildConfiguration;
			buildSettings = {
				INFOPLIST_FILE = P2PUnderdarkUITests/Info.plist;
				LD_RUNPATH_SEARCH_PATHS = "$(inherited) @executable_path/Frameworks @loader_path/Frameworks";
				PRODUCT_BUNDLE_IDENTIFIER = alexkendall.P2PUnderdarkUITests;
				PRODUCT_NAME = "$(TARGET_NAME)";
				TEST_TARGET_NAME = P2PUnderdark;
				USES_XCTRUNNER = YES;
			};
			name = Debug;
		};
		FA0BA5FF1CA2D14C00D1A0B5 /* Release */ = {
			isa = XCBuildConfiguration;
			buildSettings = {
				INFOPLIST_FILE = P2PUnderdarkUITests/Info.plist;
				LD_RUNPATH_SEARCH_PATHS = "$(inherited) @executable_path/Frameworks @loader_path/Frameworks";
				PRODUCT_BUNDLE_IDENTIFIER = alexkendall.P2PUnderdarkUITests;
				PRODUCT_NAME = "$(TARGET_NAME)";
				TEST_TARGET_NAME = P2PUnderdark;
				USES_XCTRUNNER = YES;
			};
			name = Release;
		};
/* End XCBuildConfiguration section */

/* Begin XCConfigurationList section */
		FA0BA5CA1CA2D14C00D1A0B5 /* Build configuration list for PBXProject "P2PUnderdark" */ = {
			isa = XCConfigurationList;
			buildConfigurations = (
				FA0BA5F51CA2D14C00D1A0B5 /* Debug */,
				FA0BA5F61CA2D14C00D1A0B5 /* Release */,
			);
			defaultConfigurationIsVisible = 0;
			defaultConfigurationName = Release;
		};
		FA0BA5F71CA2D14C00D1A0B5 /* Build configuration list for PBXNativeTarget "P2PUnderdark" */ = {
			isa = XCConfigurationList;
			buildConfigurations = (
				FA0BA5F81CA2D14C00D1A0B5 /* Debug */,
				FA0BA5F91CA2D14C00D1A0B5 /* Release */,
			);
			defaultConfigurationIsVisible = 0;
			defaultConfigurationName = Release;
		};
		FA0BA5FA1CA2D14C00D1A0B5 /* Build configuration list for PBXNativeTarget "P2PUnderdarkTests" */ = {
			isa = XCConfigurationList;
			buildConfigurations = (
				FA0BA5FB1CA2D14C00D1A0B5 /* Debug */,
				FA0BA5FC1CA2D14C00D1A0B5 /* Release */,
			);
			defaultConfigurationIsVisible = 0;
			defaultConfigurationName = Release;
		};
		FA0BA5FD1CA2D14C00D1A0B5 /* Build configuration list for PBXNativeTarget "P2PUnderdarkUITests" */ = {
			isa = XCConfigurationList;
			buildConfigurations = (
				FA0BA5FE1CA2D14C00D1A0B5 /* Debug */,
				FA0BA5FF1CA2D14C00D1A0B5 /* Release */,
			);
			defaultConfigurationIsVisible = 0;
			defaultConfigurationName = Release;
		};
/* End XCConfigurationList section */
	};
	rootObject = FA0BA5C71CA2D14C00D1A0B5 /* Project object */;
}
